{
  "name": "RetoTécnico",
  "lockfileVersion": 3,
  "requires": true,
  "packages": {
    "": {
      "dependencies": {
        "mg-api-js": "^2.1.1"
      }
    },
    "node_modules/mg-api-js": {
      "version": "2.1.1",
      "resolved": "https://registry.npmjs.org/mg-api-js/-/mg-api-js-2.1.1.tgz",
      "integrity": "sha512-tRXwN6icYbguNWITTBGVq18ykQ9mElwaURvgEO8eF5ry9QQAC7dyVo/GudfYhBvmtZMpVktUF7WsHDVWiJXQVw==",
      "license": "MIT",
      "engines": {
        "node": ">= 16.0.0"
      }
    }
  }
}
